
Microsoft Visual Studio Solution File, Format Version 12.00
# Visual Studio 14
VisualStudioVersion = 14.0.25420.1
MinimumVisualStudioVersion = 10.0.40219.1
Project("{2150E333-8FDC-42A3-9474-1A3956D46DE8}") = "site", "site", "{1809BA29-8620-4517-A5A1-5A753A701980}"
EndProject
Project("{FAE04EC0-301F-11D3-BF4B-00C04F79EFBC}") = "LinkMySite", "LinkMySite\LinkMySite.csproj", "{DBB7B9EA-C6DE-4A30-AC27-2D2B3EF3415A}"
EndProject
Global
	GlobalSection(SolutionConfigurationPlatforms) = preSolution
		Debug|Any CPU = Debug|Any CPU
		Release|Any CPU = Release|Any CPU
	EndGlobalSection
	GlobalSection(ProjectConfigurationPlatforms) = postSolution
		{DBB7B9EA-C6DE-4A30-AC27-2D2B3EF3415A}.Debug|Any CPU.ActiveCfg = Debug|Any CPU
		{DBB7B9EA-C6DE-4A30-AC27-2D2B3EF3415A}.Debug|Any CPU.Build.0 = Debug|Any CPU
		{DBB7B9EA-C6DE-4A30-AC27-2D2B3EF3415A}.Release|Any CPU.ActiveCfg = Release|Any CPU
		{DBB7B9EA-C6DE-4A30-AC27-2D2B3EF3415A}.Release|Any CPU.Build.0 = Release|Any CPU
	EndGlobalSection
	GlobalSection(SolutionProperties) = preSolution
		HideSolutionNode = FALSE
	EndGlobalSection
	GlobalSection(NestedProjects) = preSolution
		{DBB7B9EA-C6DE-4A30-AC27-2D2B3EF3415A} = {1809BA29-8620-4517-A5A1-5A753A701980}
	EndGlobalSection
EndGlobal
